
Microsoft Visual Studio Solution File, Format Version 12.00
# Visual Studio Version 16
VisualStudioVersion = 16.0.29509.3
MinimumVisualStudioVersion = 10.0.40219.1
Project("{FAE04EC0-301F-11D3-BF4B-00C04F79EFBC}") = "Geldscheinprüfung", "Geldscheinprüfung.csproj", "{450FD2EF-0B03-4EF0-9477-F2694AEAF111}"
EndProject
Global
	GlobalSection(SolutionConfigurationPlatforms) = preSolution
		Debug|Any CPU = Debug|Any CPU
		Release|Any CPU = Release|Any CPU
	EndGlobalSection
	GlobalSection(ProjectConfigurationPlatforms) = postSolution
		{450FD2EF-0B03-4EF0-9477-F2694AEAF111}.Debug|Any CPU.ActiveCfg = Debug|Any CPU
		{450FD2EF-0B03-4EF0-9477-F2694AEAF111}.Debug|Any CPU.Build.0 = Debug|Any CPU
		{450FD2EF-0B03-4EF0-9477-F2694AEAF111}.Release|Any CPU.ActiveCfg = Release|Any CPU
		{450FD2EF-0B03-4EF0-9477-F2694AEAF111}.Release|Any CPU.Build.0 = Release|Any CPU
	EndGlobalSection
	GlobalSection(SolutionProperties) = preSolution
		HideSolutionNode = FALSE
	EndGlobalSection
	GlobalSection(ExtensibilityGlobals) = postSolution
		SolutionGuid = {B6E060B2-801C-4DBB-B184-ED7AE05BBF3E}
	EndGlobalSection
EndGlobal
